
Microsoft Visual Studio Solution File, Format Version 12.00
Project("{FAE04EC0-301F-11D3-BF4B-00C04F79EFBC}") = "FanficsWorld.WebAPI", "FanficsWorld.WebAPI\FanficsWorld.WebAPI.csproj", "{79CF0DCF-D283-4430-A84E-5B1D9D718C9F}"
EndProject
Project("{FAE04EC0-301F-11D3-BF4B-00C04F79EFBC}") = "FanficsWorld.DataAccess", "FanficsWorld.DataAccess\FanficsWorld.DataAccess.csproj", "{B455EA92-4B67-41F5-B32D-34D85BF63D09}"
EndProject
Global
	GlobalSection(SolutionConfigurationPlatforms) = preSolution
		Debug|Any CPU = Debug|Any CPU
		Release|Any CPU = Release|Any CPU
	EndGlobalSection
	GlobalSection(ProjectConfigurationPlatforms) = postSolution
		{79CF0DCF-D283-4430-A84E-5B1D9D718C9F}.Debug|Any CPU.ActiveCfg = Debug|Any CPU
		{79CF0DCF-D283-4430-A84E-5B1D9D718C9F}.Debug|Any CPU.Build.0 = Debug|Any CPU
		{79CF0DCF-D283-4430-A84E-5B1D9D718C9F}.Release|Any CPU.ActiveCfg = Release|Any CPU
		{79CF0DCF-D283-4430-A84E-5B1D9D718C9F}.Release|Any CPU.Build.0 = Release|Any CPU
		{B455EA92-4B67-41F5-B32D-34D85BF63D09}.Debug|Any CPU.ActiveCfg = Debug|Any CPU
		{B455EA92-4B67-41F5-B32D-34D85BF63D09}.Debug|Any CPU.Build.0 = Debug|Any CPU
		{B455EA92-4B67-41F5-B32D-34D85BF63D09}.Release|Any CPU.ActiveCfg = Release|Any CPU
		{B455EA92-4B67-41F5-B32D-34D85BF63D09}.Release|Any CPU.Build.0 = Release|Any CPU
	EndGlobalSection
EndGlobal
